
Microsoft Visual Studio Solution File, Format Version 12.00
# Visual Studio Version 17
VisualStudioVersion = 17.14.36414.22 d17.14
MinimumVisualStudioVersion = 10.0.40219.1
Project("{FAE04EC0-301F-11D3-BF4B-00C04F79EFBC}") = "GuessingGame", "GuessingGame\GuessingGame.csproj", "{13843FD0-BA13-4905-AC59-653FE516F96E}"
EndProject
Global
	GlobalSection(SolutionConfigurationPlatforms) = preSolution
		Debug|Any CPU = Debug|Any CPU
		Release|Any CPU = Release|Any CPU
	EndGlobalSection
	GlobalSection(ProjectConfigurationPlatforms) = postSolution
		{13843FD0-BA13-4905-AC59-653FE516F96E}.Debug|Any CPU.ActiveCfg = Debug|Any CPU
		{13843FD0-BA13-4905-AC59-653FE516F96E}.Debug|Any CPU.Build.0 = Debug|Any CPU
		{13843FD0-BA13-4905-AC59-653FE516F96E}.Release|Any CPU.ActiveCfg = Release|Any CPU
		{13843FD0-BA13-4905-AC59-653FE516F96E}.Release|Any CPU.Build.0 = Release|Any CPU
	EndGlobalSection
	GlobalSection(SolutionProperties) = preSolution
		HideSolutionNode = FALSE
	EndGlobalSection
	GlobalSection(ExtensibilityGlobals) = postSolution
		SolutionGuid = {AA628ED4-DC52-4886-9DE6-F18F8B3E4C25}
	EndGlobalSection
EndGlobal
